
Microsoft Visual Studio Solution File, Format Version 12.00
# Visual Studio Version 17
VisualStudioVersion = 17.1.32228.430
MinimumVisualStudioVersion = 10.0.40219.1
Project("{2150E333-8FDC-42A3-9474-1A3956D46DE8}") = "Shared", "Shared", "{50240EC0-AFFA-40DD-BB3A-43CE0848F8D8}"
EndProject
Project("{9A19103F-16F7-4668-BE54-9A1E7A4F7556}") = "Shared", "Shared\Shared\Shared.csproj", "{62418059-234C-4EA9-B962-DF0AD51E7CDC}"
EndProject
Project("{2150E333-8FDC-42A3-9474-1A3956D46DE8}") = "Services", "Services", "{48550068-0D0D-4C2B-83F9-A3D9F08C4A22}"
EndProject
Project("{2150E333-8FDC-42A3-9474-1A3956D46DE8}") = "Mock", "Mock", "{9484E636-B831-40B2-996E-D57E5FF0E951}"
EndProject
Project("{9A19103F-16F7-4668-BE54-9A1E7A4F7556}") = "BusinessTask.API", "Services\Mock\BusinessTask.API\BusinessTask.API.csproj", "{061EE8DF-E3F1-4030-B53D-4AACB2203C03}"
EndProject
Project("{9A19103F-16F7-4668-BE54-9A1E7A4F7556}") = "ITTask.API", "Services\Mock\ITTask.API\ITTask.API.csproj", "{308E3EC4-50E8-4C38-AF88-3285F1C7B43E}"
EndProject
Project("{2150E333-8FDC-42A3-9474-1A3956D46DE8}") = "TodoPlan", "TodoPlan", "{94096EA0-6FB9-43E2-9243-8EABDF36FC49}"
EndProject
Project("{9A19103F-16F7-4668-BE54-9A1E7A4F7556}") = "TodoPlan.API", "Services\TodoPlan\TodoPlan.API\TodoPlan.API.csproj", "{3D7103F9-95EF-4E99-B2E1-B8EB03625EFF}"
EndProject
Project("{9A19103F-16F7-4668-BE54-9A1E7A4F7556}") = "TodoPlan.Core", "Services\TodoPlan\TodoPlan.Core\TodoPlan.Core.csproj", "{7D36BC59-E655-46F7-BEFE-DC3DE6DD92D5}"
EndProject
Project("{9A19103F-16F7-4668-BE54-9A1E7A4F7556}") = "TodoPlan.Repo", "Services\TodoPlan\TodoPlan.Repo\TodoPlan.Repo.csproj", "{74ED2B0A-72E8-4172-BFCF-C61456A83755}"
EndProject
Project("{FAE04EC0-301F-11D3-BF4B-00C04F79EFBC}") = "TodoPlan.WebUI", "Services\TodoPlan\TodoPlan.WebUI\TodoPlan.WebUI.csproj", "{ECF21C21-43C1-404D-8B5A-F254BC1027E9}"
EndProject
Global
	GlobalSection(SolutionConfigurationPlatforms) = preSolution
		Debug|Any CPU = Debug|Any CPU
		Release|Any CPU = Release|Any CPU
	EndGlobalSection
	GlobalSection(ProjectConfigurationPlatforms) = postSolution
		{62418059-234C-4EA9-B962-DF0AD51E7CDC}.Debug|Any CPU.ActiveCfg = Debug|Any CPU
		{62418059-234C-4EA9-B962-DF0AD51E7CDC}.Debug|Any CPU.Build.0 = Debug|Any CPU
		{62418059-234C-4EA9-B962-DF0AD51E7CDC}.Release|Any CPU.ActiveCfg = Release|Any CPU
		{62418059-234C-4EA9-B962-DF0AD51E7CDC}.Release|Any CPU.Build.0 = Release|Any CPU
		{061EE8DF-E3F1-4030-B53D-4AACB2203C03}.Debug|Any CPU.ActiveCfg = Debug|Any CPU
		{061EE8DF-E3F1-4030-B53D-4AACB2203C03}.Debug|Any CPU.Build.0 = Debug|Any CPU
		{061EE8DF-E3F1-4030-B53D-4AACB2203C03}.Release|Any CPU.ActiveCfg = Release|Any CPU
		{061EE8DF-E3F1-4030-B53D-4AACB2203C03}.Release|Any CPU.Build.0 = Release|Any CPU
		{308E3EC4-50E8-4C38-AF88-3285F1C7B43E}.Debug|Any CPU.ActiveCfg = Debug|Any CPU
		{308E3EC4-50E8-4C38-AF88-3285F1C7B43E}.Debug|Any CPU.Build.0 = Debug|Any CPU
		{308E3EC4-50E8-4C38-AF88-3285F1C7B43E}.Release|Any CPU.ActiveCfg = Release|Any CPU
		{308E3EC4-50E8-4C38-AF88-3285F1C7B43E}.Release|Any CPU.Build.0 = Release|Any CPU
		{3D7103F9-95EF-4E99-B2E1-B8EB03625EFF}.Debug|Any CPU.ActiveCfg = Debug|Any CPU
		{3D7103F9-95EF-4E99-B2E1-B8EB03625EFF}.Debug|Any CPU.Build.0 = Debug|Any CPU
		{3D7103F9-95EF-4E99-B2E1-B8EB03625EFF}.Release|Any CPU.ActiveCfg = Release|Any CPU
		{3D7103F9-95EF-4E99-B2E1-B8EB03625EFF}.Release|Any CPU.Build.0 = Release|Any CPU
		{7D36BC59-E655-46F7-BEFE-DC3DE6DD92D5}.Debug|Any CPU.ActiveCfg = Debug|Any CPU
		{7D36BC59-E655-46F7-BEFE-DC3DE6DD92D5}.Debug|Any CPU.Build.0 = Debug|Any CPU
		{7D36BC59-E655-46F7-BEFE-DC3DE6DD92D5}.Release|Any CPU.ActiveCfg = Release|Any CPU
		{7D36BC59-E655-46F7-BEFE-DC3DE6DD92D5}.Release|Any CPU.Build.0 = Release|Any CPU
		{74ED2B0A-72E8-4172-BFCF-C61456A83755}.Debug|Any CPU.ActiveCfg = Debug|Any CPU
		{74ED2B0A-72E8-4172-BFCF-C61456A83755}.Debug|Any CPU.Build.0 = Debug|Any CPU
		{74ED2B0A-72E8-4172-BFCF-C61456A83755}.Release|Any CPU.ActiveCfg = Release|Any CPU
		{74ED2B0A-72E8-4172-BFCF-C61456A83755}.Release|Any CPU.Build.0 = Release|Any CPU
		{ECF21C21-43C1-404D-8B5A-F254BC1027E9}.Debug|Any CPU.ActiveCfg = Debug|Any CPU
		{ECF21C21-43C1-404D-8B5A-F254BC1027E9}.Debug|Any CPU.Build.0 = Debug|Any CPU
		{ECF21C21-43C1-404D-8B5A-F254BC1027E9}.Release|Any CPU.ActiveCfg = Release|Any CPU
		{ECF21C21-43C1-404D-8B5A-F254BC1027E9}.Release|Any CPU.Build.0 = Release|Any CPU
	EndGlobalSection
	GlobalSection(SolutionProperties) = preSolution
		HideSolutionNode = FALSE
	EndGlobalSection
	GlobalSection(NestedProjects) = preSolution
		{62418059-234C-4EA9-B962-DF0AD51E7CDC} = {50240EC0-AFFA-40DD-BB3A-43CE0848F8D8}
		{9484E636-B831-40B2-996E-D57E5FF0E951} = {48550068-0D0D-4C2B-83F9-A3D9F08C4A22}
		{061EE8DF-E3F1-4030-B53D-4AACB2203C03} = {9484E636-B831-40B2-996E-D57E5FF0E951}
		{308E3EC4-50E8-4C38-AF88-3285F1C7B43E} = {9484E636-B831-40B2-996E-D57E5FF0E951}
		{94096EA0-6FB9-43E2-9243-8EABDF36FC49} = {48550068-0D0D-4C2B-83F9-A3D9F08C4A22}
		{3D7103F9-95EF-4E99-B2E1-B8EB03625EFF} = {94096EA0-6FB9-43E2-9243-8EABDF36FC49}
		{7D36BC59-E655-46F7-BEFE-DC3DE6DD92D5} = {94096EA0-6FB9-43E2-9243-8EABDF36FC49}
		{74ED2B0A-72E8-4172-BFCF-C61456A83755} = {94096EA0-6FB9-43E2-9243-8EABDF36FC49}
		{ECF21C21-43C1-404D-8B5A-F254BC1027E9} = {94096EA0-6FB9-43E2-9243-8EABDF36FC49}
	EndGlobalSection
	GlobalSection(ExtensibilityGlobals) = postSolution
		SolutionGuid = {3CCBD5B0-E497-4DA3-93F2-A444B606EDAF}
	EndGlobalSection
EndGlobal
